// !$*UTF8*$!
{
	archiveVersion = 1;
	classes = {
	};
	objectVersion = 46;
	objects = {

/* Begin PBXBuildFile section */
		6F4DE28119FF51D900A93DA1 /* moegirlConnectionLogin.m in Sources */ = {isa = PBXBuildFile; fileRef = 6F4DE28019FF51D900A93DA1 /* moegirlConnectionLogin.m */; };
		6F56FEEB19FFCBAA00BD9713 /* moegirlRandom.m in Sources */ = {isa = PBXBuildFile; fileRef = 6F56FEEA19FFCBAA00BD9713 /* moegirlRandom.m */; };
		6F58551519FC2B5700F7DA50 /* mcAnalytics.m in Sources */ = {isa = PBXBuildFile; fileRef = 6F58551419FC2B5700F7DA50 /* mcAnalytics.m */; };
		6F996E8219FC3D7F00F9BC3F /* mcUpdate.m in Sources */ = {isa = PBXBuildFile; fileRef = 6F996E8119FC3D7F00F9BC3F /* mcUpdate.m */; };
		AF14199619F7ECE60058B775 /* moegirlSearchSuggestionsTableView.m in Sources */ = {isa = PBXBuildFile; fileRef = AF14199519F7ECE60058B775 /* moegirlSearchSuggestionsTableView.m */; };
		AF40D72119F855530043F74A /* mcInitial.m in Sources */ = {isa = PBXBuildFile; fileRef = AF40D72019F855530043F74A /* mcInitial.m */; };
		AF4308FB19F9C1BF0099AFC8 /* moegirlSideControlTableView.m in Sources */ = {isa = PBXBuildFile; fileRef = AF4308FA19F9C1BF0099AFC8 /* moegirlSideControlTableView.m */; };
		AF49AFC119FA189900F21956 /* mcSettingsController.m in Sources */ = {isa = PBXBuildFile; fileRef = AF49AFC019FA189900F21956 /* mcSettingsController.m */; };
		AF5F5E4019F6F952003EB8C1 /* moegirlMainPageScrollView.m in Sources */ = {isa = PBXBuildFile; fileRef = AF5F5E3F19F6F952003EB8C1 /* moegirlMainPageScrollView.m */; };
		AF8CE77119FA0EB200FFF359 /* initdata in Resources */ = {isa = PBXBuildFile; fileRef = AF8CE77019FA0EB200FFF359 /* initdata */; };
		AF91053819F8987F00EC5DFD /* mcLeftDrag.m in Sources */ = {isa = PBXBuildFile; fileRef = AF91053719F8987F00EC5DFD /* mcLeftDrag.m */; };
		AF91053B19F8AC4D00EC5DFD /* mcRightDrag.m in Sources */ = {isa = PBXBuildFile; fileRef = AF91053A19F8AC4D00EC5DFD /* mcRightDrag.m */; };
		AFAAB8F719F831D20077F893 /* moegirlWebView.m in Sources */ = {isa = PBXBuildFile; fileRef = AFAAB8F619F831D20077F893 /* moegirlWebView.m */; };
		AFAAB8FA19F834600077F893 /* mcCachedRequest.m in Sources */ = {isa = PBXBuildFile; fileRef = AFAAB8F919F834600077F893 /* mcCachedRequest.m */; };
		AFB650B419F6C42400C73E81 /* Foundation.framework in Frameworks */ = {isa = PBXBuildFile; fileRef = AFB650B319F6C42400C73E81 /* Foundation.framework */; };
		AFB650B619F6C42400C73E81 /* CoreGraphics.framework in Frameworks */ = {isa = PBXBuildFile; fileRef = AFB650B519F6C42400C73E81 /* CoreGraphics.framework */; };
		AFB650B819F6C42400C73E81 /* UIKit.framework in Frameworks */ = {isa = PBXBuildFile; fileRef = AFB650B719F6C42400C73E81 /* UIKit.framework */; };
		AFB650BE19F6C42400C73E81 /* InfoPlist.strings in Resources */ = {isa = PBXBuildFile; fileRef = AFB650BC19F6C42400C73E81 /* InfoPlist.strings */; };
		AFB650C019F6C42400C73E81 /* main.m in Sources */ = {isa = PBXBuildFile; fileRef = AFB650BF19F6C42400C73E81 /* main.m */; };
		AFB650C419F6C42400C73E81 /* mcAppDelegate.m in Sources */ = {isa = PBXBuildFile; fileRef = AFB650C319F6C42400C73E81 /* mcAppDelegate.m */; };
		AFB650C719F6C42400C73E81 /* Main.storyboard in Resources */ = {isa = PBXBuildFile; fileRef = AFB650C519F6C42400C73E81 /* Main.storyboard */; };
		AFB650CA19F6C42400C73E81 /* mcViewController.m in Sources */ = {isa = PBXBuildFile; fileRef = AFB650C919F6C42400C73E81 /* mcViewController.m */; };
		AFB650CC19F6C42400C73E81 /* Images.xcassets in Resources */ = {isa = PBXBuildFile; fileRef = AFB650CB19F6C42400C73E81 /* Images.xcassets */; };
		AFB650D319F6C42400C73E81 /* XCTest.framework in Frameworks */ = {isa = PBXBuildFile; fileRef = AFB650D219F6C42400C73E81 /* XCTest.framework */; };
		AFB650D419F6C42400C73E81 /* Foundation.framework in Frameworks */ = {isa = PBXBuildFile; fileRef = AFB650B319F6C42400C73E81 /* Foundation.framework */; };
		AFB650D519F6C42400C73E81 /* UIKit.framework in Frameworks */ = {isa = PBXBuildFile; fileRef = AFB650B719F6C42400C73E81 /* UIKit.framework */; };
		AFB650DD19F6C42400C73E81 /* InfoPlist.strings in Resources */ = {isa = PBXBuildFile; fileRef = AFB650DB19F6C42400C73E81 /* InfoPlist.strings */; };
		AFB650DF19F6C42400C73E81 /* moegirlwikiTests.m in Sources */ = {isa = PBXBuildFile; fileRef = AFB650DE19F6C42400C73E81 /* moegirlwikiTests.m */; };
		AFC2611819F9A31C00F12B37 /* mcCachedImage.m in Sources */ = {isa = PBXBuildFile; fileRef = AFC2611719F9A31C00F12B37 /* mcCachedImage.m */; };
		AFC2611B19F9A64000F12B37 /* moegirlSaveImageAlertView.m in Sources */ = {isa = PBXBuildFile; fileRef = AFC2611A19F9A64000F12B37 /* moegirlSaveImageAlertView.m */; };
/* End PBXBuildFile section */

/* Begin PBXContainerItemProxy section */
		AFB650D619F6C42400C73E81 /* PBXContainerItemProxy */ = {
			isa = PBXContainerItemProxy;
			containerPortal = AFB650A819F6C42400C73E81 /* Project object */;
			proxyType = 1;
			remoteGlobalIDString = AFB650AF19F6C42400C73E81;
			remoteInfo = moegirlwiki;
		};
/* End PBXContainerItemProxy section */

/* Begin PBXFileReference section */
		6F4DE27F19FF51D900A93DA1 /* moegirlConnectionLogin.h */ = {isa = PBXFileReference; fileEncoding = 4; lastKnownFileType = sourcecode.c.h; path = moegirlConnectionLogin.h; sourceTree = "<group>"; };
		6F4DE28019FF51D900A93DA1 /* moegirlConnectionLogin.m */ = {isa = PBXFileReference; fileEncoding = 4; lastKnownFileType = sourcecode.c.objc; path = moegirlConnectionLogin.m; sourceTree = "<group>"; };
		6F56FEE919FFCBAA00BD9713 /* moegirlRandom.h */ = {isa = PBXFileReference; fileEncoding = 4; lastKnownFileType = sourcecode.c.h; path = moegirlRandom.h; sourceTree = "<group>"; };
		6F56FEEA19FFCBAA00BD9713 /* moegirlRandom.m */ = {isa = PBXFileReference; fileEncoding = 4; lastKnownFileType = sourcecode.c.objc; path = moegirlRandom.m; sourceTree = "<group>"; };
		6F58551319FC2B5700F7DA50 /* mcAnalytics.h */ = {isa = PBXFileReference; fileEncoding = 4; lastKnownFileType = sourcecode.c.h; path = mcAnalytics.h; sourceTree = "<group>"; };
		6F58551419FC2B5700F7DA50 /* mcAnalytics.m */ = {isa = PBXFileReference; fileEncoding = 4; lastKnownFileType = sourcecode.c.objc; path = mcAnalytics.m; sourceTree = "<group>"; };
		6F996E8019FC3D7F00F9BC3F /* mcUpdate.h */ = {isa = PBXFileReference; fileEncoding = 4; lastKnownFileType = sourcecode.c.h; path = mcUpdate.h; sourceTree = "<group>"; };
		6F996E8119FC3D7F00F9BC3F /* mcUpdate.m */ = {isa = PBXFileReference; fileEncoding = 4; lastKnownFileType = sourcecode.c.objc; path = mcUpdate.m; sourceTree = "<group>"; };
		AF14199419F7ECE60058B775 /* moegirlSearchSuggestionsTableView.h */ = {isa = PBXFileReference; fileEncoding = 4; lastKnownFileType = sourcecode.c.h; path = moegirlSearchSuggestionsTableView.h; sourceTree = "<group>"; };
		AF14199519F7ECE60058B775 /* moegirlSearchSuggestionsTableView.m */ = {isa = PBXFileReference; fileEncoding = 4; lastKnownFileType = sourcecode.c.objc; path = moegirlSearchSuggestionsTableView.m; sourceTree = "<group>"; };
		AF40D71F19F855530043F74A /* mcInitial.h */ = {isa = PBXFileReference; fileEncoding = 4; lastKnownFileType = sourcecode.c.h; path = mcInitial.h; sourceTree = "<group>"; };
		AF40D72019F855530043F74A /* mcInitial.m */ = {isa = PBXFileReference; fileEncoding = 4; lastKnownFileType = sourcecode.c.objc; path = mcInitial.m; sourceTree = "<group>"; };
		AF4308F919F9C1BF0099AFC8 /* moegirlSideControlTableView.h */ = {isa = PBXFileReference; fileEncoding = 4; lastKnownFileType = sourcecode.c.h; path = moegirlSideControlTableView.h; sourceTree = "<group>"; };
		AF4308FA19F9C1BF0099AFC8 /* moegirlSideControlTableView.m */ = {isa = PBXFileReference; fileEncoding = 4; lastKnownFileType = sourcecode.c.objc; path = moegirlSideControlTableView.m; sourceTree = "<group>"; };
		AF49AFBF19FA189900F21956 /* mcSettingsController.h */ = {isa = PBXFileReference; fileEncoding = 4; lastKnownFileType = sourcecode.c.h; path = mcSettingsController.h; sourceTree = "<group>"; };
		AF49AFC019FA189900F21956 /* mcSettingsController.m */ = {isa = PBXFileReference; fileEncoding = 4; lastKnownFileType = sourcecode.c.objc; path = mcSettingsController.m; sourceTree = "<group>"; };
		AF5F5E3E19F6F952003EB8C1 /* moegirlMainPageScrollView.h */ = {isa = PBXFileReference; fileEncoding = 4; lastKnownFileType = sourcecode.c.h; path = moegirlMainPageScrollView.h; sourceTree = "<group>"; };
		AF5F5E3F19F6F952003EB8C1 /* moegirlMainPageScrollView.m */ = {isa = PBXFileReference; fileEncoding = 4; lastKnownFileType = sourcecode.c.objc; path = moegirlMainPageScrollView.m; sourceTree = "<group>"; };
		AF8CE77019FA0EB200FFF359 /* initdata */ = {isa = PBXFileReference; lastKnownFileType = folder; name = initdata; path = ../initdata; sourceTree = "<group>"; };
		AF91053619F8987F00EC5DFD /* mcLeftDrag.h */ = {isa = PBXFileReference; fileEncoding = 4; lastKnownFileType = sourcecode.c.h; path = mcLeftDrag.h; sourceTree = "<group>"; };
		AF91053719F8987F00EC5DFD /* mcLeftDrag.m */ = {isa = PBXFileReference; fileEncoding = 4; lastKnownFileType = sourcecode.c.objc; path = mcLeftDrag.m; sourceTree = "<group>"; };
		AF91053919F8AC4D00EC5DFD /* mcRightDrag.h */ = {isa = PBXFileReference; fileEncoding = 4; lastKnownFileType = sourcecode.c.h; path = mcRightDrag.h; sourceTree = "<group>"; };
		AF91053A19F8AC4D00EC5DFD /* mcRightDrag.m */ = {isa = PBXFileReference; fileEncoding = 4; lastKnownFileType = sourcecode.c.objc; path = mcRightDrag.m; sourceTree = "<group>"; };
		AFAAB8F519F831D20077F893 /* moegirlWebView.h */ = {isa = PBXFileReference; fileEncoding = 4; lastKnownFileType = sourcecode.c.h; path = moegirlWebView.h; sourceTree = "<group>"; };
		AFAAB8F619F831D20077F893 /* moegirlWebView.m */ = {isa = PBXFileReference; fileEncoding = 4; lastKnownFileType = sourcecode.c.objc; path = moegirlWebView.m; sourceTree = "<group>"; };
		AFAAB8F819F834600077F893 /* mcCachedRequest.h */ = {isa = PBXFileReference; fileEncoding = 4; lastKnownFileType = sourcecode.c.h; path = mcCachedRequest.h; sourceTree = "<group>"; };
		AFAAB8F919F834600077F893 /* mcCachedRequest.m */ = {isa = PBXFileReference; fileEncoding = 4; lastKnownFileType = sourcecode.c.objc; path = mcCachedRequest.m; sourceTree = "<group>"; };
		AFB650B019F6C42400C73E81 /* moegirlwiki.app */ = {isa = PBXFileReference; explicitFileType = wrapper.application; includeInIndex = 0; path = moegirlwiki.app; sourceTree = BUILT_PRODUCTS_DIR; };
		AFB650B319F6C42400C73E81 /* Foundation.framework */ = {isa = PBXFileReference; lastKnownFileType = wrapper.framework; name = Foundation.framework; path = System/Library/Frameworks/Foundation.framework; sourceTree = SDKROOT; };
		AFB650B519F6C42400C73E81 /* CoreGraphics.framework */ = {isa = PBXFileReference; lastKnownFileType = wrapper.framework; name = CoreGraphics.framework; path = System/Library/Frameworks/CoreGraphics.framework; sourceTree = SDKROOT; };
		AFB650B719F6C42400C73E81 /* UIKit.framework */ = {isa = PBXFileReference; lastKnownFileType = wrapper.framework; name = UIKit.framework; path = System/Library/Frameworks/UIKit.framework; sourceTree = SDKROOT; };
		AFB650BB19F6C42400C73E81 /* moegirlwiki-Info.plist */ = {isa = PBXFileReference; lastKnownFileType = text.plist.xml; path = "moegirlwiki-Info.plist"; sourceTree = "<group>"; };
		AFB650BD19F6C42400C73E81 /* en */ = {isa = PBXFileReference; lastKnownFileType = text.plist.strings; name = en; path = en.lproj/InfoPlist.strings; sourceTree = "<group>"; };
		AFB650BF19F6C42400C73E81 /* main.m */ = {isa = PBXFileReference; lastKnownFileType = sourcecode.c.objc; path = main.m; sourceTree = "<group>"; };
		AFB650C119F6C42400C73E81 /* moegirlwiki-Prefix.pch */ = {isa = PBXFileReference; lastKnownFileType = sourcecode.c.h; path = "moegirlwiki-Prefix.pch"; sourceTree = "<group>"; };
		AFB650C219F6C42400C73E81 /* mcAppDelegate.h */ = {isa = PBXFileReference; lastKnownFileType = sourcecode.c.h; path = mcAppDelegate.h; sourceTree = "<group>"; };
		AFB650C319F6C42400C73E81 /* mcAppDelegate.m */ = {isa = PBXFileReference; lastKnownFileType = sourcecode.c.objc; path = mcAppDelegate.m; sourceTree = "<group>"; };
		AFB650C619F6C42400C73E81 /* Base */ = {isa = PBXFileReference; lastKnownFileType = file.storyboard; name = Base; path = Base.lproj/Main.storyboard; sourceTree = "<group>"; };
		AFB650C819F6C42400C73E81 /* mcViewController.h */ = {isa = PBXFileReference; lastKnownFileType = sourcecode.c.h; path = mcViewController.h; sourceTree = "<group>"; };
		AFB650C919F6C42400C73E81 /* mcViewController.m */ = {isa = PBXFileReference; lastKnownFileType = sourcecode.c.objc; path = mcViewController.m; sourceTree = "<group>"; };
		AFB650CB19F6C42400C73E81 /* Images.xcassets */ = {isa = PBXFileReference; lastKnownFileType = folder.assetcatalog; path = Images.xcassets; sourceTree = "<group>"; };
		AFB650D119F6C42400C73E81 /* moegirlwikiTests.xctest */ = {isa = PBXFileReference; explicitFileType = wrapper.cfbundle; includeInIndex = 0; path = moegirlwikiTests.xctest; sourceTree = BUILT_PRODUCTS_DIR; };
		AFB650D219F6C42400C73E81 /* XCTest.framework */ = {isa = PBXFileReference; lastKnownFileType = wrapper.framework; name = XCTest.framework; path = Library/Frameworks/XCTest.framework; sourceTree = DEVELOPER_DIR; };
		AFB650DA19F6C42400C73E81 /* moegirlwikiTests-Info.plist */ = {isa = PBXFileReference; lastKnownFileType = text.plist.xml; path = "moegirlwikiTests-Info.plist"; sourceTree = "<group>"; };
		AFB650DC19F6C42400C73E81 /* en */ = {isa = PBXFileReference; lastKnownFileType = text.plist.strings; name = en; path = en.lproj/InfoPlist.strings; sourceTree = "<group>"; };
		AFB650DE19F6C42400C73E81 /* moegirlwikiTests.m */ = {isa = PBXFileReference; lastKnownFileType = sourcecode.c.objc; path = moegirlwikiTests.m; sourceTree = "<group>"; };
		AFC2611619F9A31C00F12B37 /* mcCachedImage.h */ = {isa = PBXFileReference; fileEncoding = 4; lastKnownFileType = sourcecode.c.h; path = mcCachedImage.h; sourceTree = "<group>"; };
		AFC2611719F9A31C00F12B37 /* mcCachedImage.m */ = {isa = PBXFileReference; fileEncoding = 4; lastKnownFileType = sourcecode.c.objc; path = mcCachedImage.m; sourceTree = "<group>"; };
		AFC2611919F9A64000F12B37 /* moegirlSaveImageAlertView.h */ = {isa = PBXFileReference; fileEncoding = 4; lastKnownFileType = sourcecode.c.h; path = moegirlSaveImageAlertView.h; sourceTree = "<group>"; };
		AFC2611A19F9A64000F12B37 /* moegirlSaveImageAlertView.m */ = {isa = PBXFileReference; fileEncoding = 4; lastKnownFileType = sourcecode.c.objc; path = moegirlSaveImageAlertView.m; sourceTree = "<group>"; };
/* End PBXFileReference section */

/* Begin PBXFrameworksBuildPhase section */
		AFB650AD19F6C42400C73E81 /* Frameworks */ = {
			isa = PBXFrameworksBuildPhase;
			buildActionMask = 2147483647;
			files = (
				AFB650B619F6C42400C73E81 /* CoreGraphics.framework in Frameworks */,
				AFB650B819F6C42400C73E81 /* UIKit.framework in Frameworks */,
				AFB650B419F6C42400C73E81 /* Foundation.framework in Frameworks */,
			);
			runOnlyForDeploymentPostprocessing = 0;
		};
		AFB650CE19F6C42400C73E81 /* Frameworks */ = {
			isa = PBXFrameworksBuildPhase;
			buildActionMask = 2147483647;
			files = (
				AFB650D319F6C42400C73E81 /* XCTest.framework in Frameworks */,
				AFB650D519F6C42400C73E81 /* UIKit.framework in Frameworks */,
				AFB650D419F6C42400C73E81 /* Foundation.framework in Frameworks */,
			);
			runOnlyForDeploymentPostprocessing = 0;
		};
/* End PBXFrameworksBuildPhase section */

/* Begin PBXGroup section */
		6F4DE27E19FF51B200A93DA1 /* UserControl */ = {
			isa = PBXGroup;
			children = (
				6F4DE27F19FF51D900A93DA1 /* moegirlConnectionLogin.h */,
				6F4DE28019FF51D900A93DA1 /* moegirlConnectionLogin.m */,
			);
			name = UserControl;
			sourceTree = "<group>";
		};
		AF91053419F892C300EC5DFD /* Functions */ = {
			isa = PBXGroup;
			children = (
				AFC2611619F9A31C00F12B37 /* mcCachedImage.h */,
				AFC2611719F9A31C00F12B37 /* mcCachedImage.m */,
				AFAAB8F819F834600077F893 /* mcCachedRequest.h */,
				AFAAB8F919F834600077F893 /* mcCachedRequest.m */,
				AF91053619F8987F00EC5DFD /* mcLeftDrag.h */,
				AF91053719F8987F00EC5DFD /* mcLeftDrag.m */,
				AF91053919F8AC4D00EC5DFD /* mcRightDrag.h */,
				AF91053A19F8AC4D00EC5DFD /* mcRightDrag.m */,
				6F58551319FC2B5700F7DA50 /* mcAnalytics.h */,
				6F58551419FC2B5700F7DA50 /* mcAnalytics.m */,
				6F996E8019FC3D7F00F9BC3F /* mcUpdate.h */,
				6F996E8119FC3D7F00F9BC3F /* mcUpdate.m */,
			);
			name = Functions;
			sourceTree = "<group>";
		};
		AF91053519F892F000EC5DFD /* moegirlSpecify */ = {
			isa = PBXGroup;
			children = (
				AF5F5E3E19F6F952003EB8C1 /* moegirlMainPageScrollView.h */,
				AF5F5E3F19F6F952003EB8C1 /* moegirlMainPageScrollView.m */,
				AF14199419F7ECE60058B775 /* moegirlSearchSuggestionsTableView.h */,
				AF14199519F7ECE60058B775 /* moegirlSearchSuggestionsTableView.m */,
				AFAAB8F519F831D20077F893 /* moegirlWebView.h */,
				AFAAB8F619F831D20077F893 /* moegirlWebView.m */,
				AFC2611919F9A64000F12B37 /* moegirlSaveImageAlertView.h */,
				AFC2611A19F9A64000F12B37 /* moegirlSaveImageAlertView.m */,
				AF4308F919F9C1BF0099AFC8 /* moegirlSideControlTableView.h */,
				AF4308FA19F9C1BF0099AFC8 /* moegirlSideControlTableView.m */,
				6F56FEE919FFCBAA00BD9713 /* moegirlRandom.h */,
				6F56FEEA19FFCBAA00BD9713 /* moegirlRandom.m */,
			);
			name = moegirlSpecify;
			sourceTree = "<group>";
		};
		AFB650A719F6C42400C73E81 = {
			isa = PBXGroup;
			children = (
				AF8CE77019FA0EB200FFF359 /* initdata */,
				AFB650B919F6C42400C73E81 /* moegirlwiki */,
				AFB650D819F6C42400C73E81 /* moegirlwikiTests */,
				AFB650B219F6C42400C73E81 /* Frameworks */,
				AFB650B119F6C42400C73E81 /* Products */,
			);
			sourceTree = "<group>";
		};
		AFB650B119F6C42400C73E81 /* Products */ = {
			isa = PBXGroup;
			children = (
				AFB650B019F6C42400C73E81 /* moegirlwiki.app */,
				AFB650D119F6C42400C73E81 /* moegirlwikiTests.xctest */,
			);
			name = Products;
			sourceTree = "<group>";
		};
		AFB650B219F6C42400C73E81 /* Frameworks */ = {
			isa = PBXGroup;
			children = (
				AFB650B319F6C42400C73E81 /* Foundation.framework */,
				AFB650B519F6C42400C73E81 /* CoreGraphics.framework */,
				AFB650B719F6C42400C73E81 /* UIKit.framework */,
				AFB650D219F6C42400C73E81 /* XCTest.framework */,
			);
			name = Frameworks;
			sourceTree = "<group>";
		};
		AFB650B919F6C42400C73E81 /* moegirlwiki */ = {
			isa = PBXGroup;
			children = (
				AFB650C519F6C42400C73E81 /* Main.storyboard */,
				AFB650C219F6C42400C73E81 /* mcAppDelegate.h */,
				AFB650C319F6C42400C73E81 /* mcAppDelegate.m */,
				AFB650C819F6C42400C73E81 /* mcViewController.h */,
				AFB650C919F6C42400C73E81 /* mcViewController.m */,
				AF49AFBF19FA189900F21956 /* mcSettingsController.h */,
				AF49AFC019FA189900F21956 /* mcSettingsController.m */,
				AFB650CB19F6C42400C73E81 /* Images.xcassets */,
				6F4DE27E19FF51B200A93DA1 /* UserControl */,
				AF91053519F892F000EC5DFD /* moegirlSpecify */,
				AF91053419F892C300EC5DFD /* Functions */,
				AFB650BA19F6C42400C73E81 /* Supporting Files */,
			);
			path = moegirlwiki;
			sourceTree = "<group>";
		};
		AFB650BA19F6C42400C73E81 /* Supporting Files */ = {
			isa = PBXGroup;
			children = (
				AF40D71F19F855530043F74A /* mcInitial.h */,
				AF40D72019F855530043F74A /* mcInitial.m */,
				AFB650BB19F6C42400C73E81 /* moegirlwiki-Info.plist */,
				AFB650BC19F6C42400C73E81 /* InfoPlist.strings */,
				AFB650BF19F6C42400C73E81 /* main.m */,
				AFB650C119F6C42400C73E81 /* moegirlwiki-Prefix.pch */,
			);
			name = "Supporting Files";
			sourceTree = "<group>";
		};
		AFB650D819F6C42400C73E81 /* moegirlwikiTests */ = {
			isa = PBXGroup;
			children = (
				AFB650DE19F6C42400C73E81 /* moegirlwikiTests.m */,
				AFB650D919F6C42400C73E81 /* Supporting Files */,
			);
			path = moegirlwikiTests;
			sourceTree = "<group>";
		};
		AFB650D919F6C42400C73E81 /* Supporting Files */ = {
			isa = PBXGroup;
			children = (
				AFB650DA19F6C42400C73E81 /* moegirlwikiTests-Info.plist */,
				AFB650DB19F6C42400C73E81 /* InfoPlist.strings */,
			);
			name = "Supporting Files";
			sourceTree = "<group>";
		};
/* End PBXGroup section */

/* Begin PBXNativeTarget section */
		AFB650AF19F6C42400C73E81 /* moegirlwiki */ = {
			isa = PBXNativeTarget;
			buildConfigurationList = AFB650E219F6C42400C73E81 /* Build configuration list for PBXNativeTarget "moegirlwiki" */;
			buildPhases = (
				AFB650AC19F6C42400C73E81 /* Sources */,
				AFB650AD19F6C42400C73E81 /* Frameworks */,
				AFB650AE19F6C42400C73E81 /* Resources */,
			);
			buildRules = (
			);
			dependencies = (
			);
			name = moegirlwiki;
			productName = moegirlwiki;
			productReference = AFB650B019F6C42400C73E81 /* moegirlwiki.app */;
			productType = "com.apple.product-type.application";
		};
		AFB650D019F6C42400C73E81 /* moegirlwikiTests */ = {
			isa = PBXNativeTarget;
			buildConfigurationList = AFB650E519F6C42400C73E81 /* Build configuration list for PBXNativeTarget "moegirlwikiTests" */;
			buildPhases = (
				AFB650CD19F6C42400C73E81 /* Sources */,
				AFB650CE19F6C42400C73E81 /* Frameworks */,
				AFB650CF19F6C42400C73E81 /* Resources */,
			);
			buildRules = (
			);
			dependencies = (
				AFB650D719F6C42400C73E81 /* PBXTargetDependency */,
			);
			name = moegirlwikiTests;
			productName = moegirlwikiTests;
			productReference = AFB650D119F6C42400C73E81 /* moegirlwikiTests.xctest */;
			productType = "com.apple.product-type.bundle.unit-test";
		};
/* End PBXNativeTarget section */

/* Begin PBXProject section */
		AFB650A819F6C42400C73E81 /* Project object */ = {
			isa = PBXProject;
			attributes = {
				CLASSPREFIX = mc;
				LastUpgradeCheck = 0510;
				ORGANIZATIONNAME = masterchan.me;
				TargetAttributes = {
					AFB650AF19F6C42400C73E81 = {
						DevelopmentTeam = AM4V7T2443;
					};
					AFB650D019F6C42400C73E81 = {
						TestTargetID = AFB650AF19F6C42400C73E81;
					};
				};
			};
			buildConfigurationList = AFB650AB19F6C42400C73E81 /* Build configuration list for PBXProject "moegirlwiki" */;
			compatibilityVersion = "Xcode 3.2";
			developmentRegion = English;
			hasScannedForEncodings = 0;
			knownRegions = (
				en,
				Base,
			);
			mainGroup = AFB650A719F6C42400C73E81;
			productRefGroup = AFB650B119F6C42400C73E81 /* Products */;
			projectDirPath = "";
			projectRoot = "";
			targets = (
				AFB650AF19F6C42400C73E81 /* moegirlwiki */,
				AFB650D019F6C42400C73E81 /* moegirlwikiTests */,
			);
		};
/* End PBXProject section */

/* Begin PBXResourcesBuildPhase section */
		AFB650AE19F6C42400C73E81 /* Resources */ = {
			isa = PBXResourcesBuildPhase;
			buildActionMask = 2147483647;
			files = (
				AF8CE77119FA0EB200FFF359 /* initdata in Resources */,
				AFB650CC19F6C42400C73E81 /* Images.xcassets in Resources */,
				AFB650BE19F6C42400C73E81 /* InfoPlist.strings in Resources */,
				AFB650C719F6C42400C73E81 /* Main.storyboard in Resources */,
			);
			runOnlyForDeploymentPostprocessing = 0;
		};
		AFB650CF19F6C42400C73E81 /* Resources */ = {
			isa = PBXResourcesBuildPhase;
			buildActionMask = 2147483647;
			files = (
				AFB650DD19F6C42400C73E81 /* InfoPlist.strings in Resources */,
			);
			runOnlyForDeploymentPostprocessing = 0;
		};
/* End PBXResourcesBuildPhase section */

/* Begin PBXSourcesBuildPhase section */
		AFB650AC19F6C42400C73E81 /* Sources */ = {
			isa = PBXSourcesBuildPhase;
			buildActionMask = 2147483647;
			files = (
				6F56FEEB19FFCBAA00BD9713 /* moegirlRandom.m in Sources */,
				AFC2611819F9A31C00F12B37 /* mcCachedImage.m in Sources */,
				AF91053819F8987F00EC5DFD /* mcLeftDrag.m in Sources */,
				AF40D72119F855530043F74A /* mcInitial.m in Sources */,
				AFB650CA19F6C42400C73E81 /* mcViewController.m in Sources */,
				6F4DE28119FF51D900A93DA1 /* moegirlConnectionLogin.m in Sources */,
				AF49AFC119FA189900F21956 /* mcSettingsController.m in Sources */,
				AFAAB8F719F831D20077F893 /* moegirlWebView.m in Sources */,
				6F58551519FC2B5700F7DA50 /* mcAnalytics.m in Sources */,
				AF5F5E4019F6F952003EB8C1 /* moegirlMainPageScrollView.m in Sources */,
				6F996E8219FC3D7F00F9BC3F /* mcUpdate.m in Sources */,
				AFAAB8FA19F834600077F893 /* mcCachedRequest.m in Sources */,
				AFB650C419F6C42400C73E81 /* mcAppDelegate.m in Sources */,
				AFB650C019F6C42400C73E81 /* main.m in Sources */,
				AF4308FB19F9C1BF0099AFC8 /* moegirlSideControlTableView.m in Sources */,
				AF91053B19F8AC4D00EC5DFD /* mcRightDrag.m in Sources */,
				AFC2611B19F9A64000F12B37 /* moegirlSaveImageAlertView.m in Sources */,
				AF14199619F7ECE60058B775 /* moegirlSearchSuggestionsTableView.m in Sources */,
			);
			runOnlyForDeploymentPostprocessing = 0;
		};
		AFB650CD19F6C42400C73E81 /* Sources */ = {
			isa = PBXSourcesBuildPhase;
			buildActionMask = 2147483647;
			files = (
				AFB650DF19F6C42400C73E81 /* moegirlwikiTests.m in Sources */,
			);
			runOnlyForDeploymentPostprocessing = 0;
		};
/* End PBXSourcesBuildPhase section */

/* Begin PBXTargetDependency section */
		AFB650D719F6C42400C73E81 /* PBXTargetDependency */ = {
			isa = PBXTargetDependency;
			target = AFB650AF19F6C42400C73E81 /* moegirlwiki */;
			targetProxy = AFB650D619F6C42400C73E81 /* PBXContainerItemProxy */;
		};
/* End PBXTargetDependency section */

/* Begin PBXVariantGroup section */
		AFB650BC19F6C42400C73E81 /* InfoPlist.strings */ = {
			isa = PBXVariantGroup;
			children = (
				AFB650BD19F6C42400C73E81 /* en */,
			);
			name = InfoPlist.strings;
			sourceTree = "<group>";
		};
		AFB650C519F6C42400C73E81 /* Main.storyboard */ = {
			isa = PBXVariantGroup;
			children = (
				AFB650C619F6C42400C73E81 /* Base */,
			);
			name = Main.storyboard;
			sourceTree = "<group>";
		};
		AFB650DB19F6C42400C73E81 /* InfoPlist.strings */ = {
			isa = PBXVariantGroup;
			children = (
				AFB650DC19F6C42400C73E81 /* en */,
			);
			name = InfoPlist.strings;
			sourceTree = "<group>";
		};
/* End PBXVariantGroup section */

/* Begin XCBuildConfiguration section */
		AFB650E019F6C42400C73E81 /* Debug */ = {
			isa = XCBuildConfiguration;
			buildSettings = {
				ALWAYS_SEARCH_USER_PATHS = NO;
				CLANG_CXX_LANGUAGE_STANDARD = "gnu++0x";
				CLANG_CXX_LIBRARY = "libc++";
				CLANG_ENABLE_MODULES = YES;
				CLANG_ENABLE_OBJC_ARC = YES;
				CLANG_WARN_BOOL_CONVERSION = YES;
				CLANG_WARN_CONSTANT_CONVERSION = YES;
				CLANG_WARN_DIRECT_OBJC_ISA_USAGE = YES_ERROR;
				CLANG_WARN_EMPTY_BODY = YES;
				CLANG_WARN_ENUM_CONVERSION = YES;
				CLANG_WARN_INT_CONVERSION = YES;
				CLANG_WARN_OBJC_ROOT_CLASS = YES_ERROR;
				CLANG_WARN__DUPLICATE_METHOD_MATCH = YES;
				"CODE_SIGN_IDENTITY[sdk=iphoneos*]" = "iPhone Developer";
				COPY_PHASE_STRIP = NO;
				GCC_C_LANGUAGE_STANDARD = gnu99;
				GCC_DYNAMIC_NO_PIC = NO;
				GCC_OPTIMIZATION_LEVEL = 0;
				GCC_PREPROCESSOR_DEFINITIONS = (
					"DEBUG=1",
					"$(inherited)",
				);
				GCC_SYMBOLS_PRIVATE_EXTERN = NO;
				GCC_WARN_64_TO_32_BIT_CONVERSION = YES;
				GCC_WARN_ABOUT_RETURN_TYPE = YES_ERROR;
				GCC_WARN_UNDECLARED_SELECTOR = YES;
				GCC_WARN_UNINITIALIZED_AUTOS = YES_AGGRESSIVE;
				GCC_WARN_UNUSED_FUNCTION = YES;
				GCC_WARN_UNUSED_VARIABLE = YES;
				IPHONEOS_DEPLOYMENT_TARGET = 6.0;
				ONLY_ACTIVE_ARCH = YES;
				SDKROOT = iphoneos;
			};
			name = Debug;
		};
		AFB650E119F6C42400C73E81 /* Release */ = {
			isa = XCBuildConfiguration;
			buildSettings = {
				ALWAYS_SEARCH_USER_PATHS = NO;
				CLANG_CXX_LANGUAGE_STANDARD = "gnu++0x";
				CLANG_CXX_LIBRARY = "libc++";
				CLANG_ENABLE_MODULES = YES;
				CLANG_ENABLE_OBJC_ARC = YES;
				CLANG_WARN_BOOL_CONVERSION = YES;
				CLANG_WARN_CONSTANT_CONVERSION = YES;
				CLANG_WARN_DIRECT_OBJC_ISA_USAGE = YES_ERROR;
				CLANG_WARN_EMPTY_BODY = YES;
				CLANG_WARN_ENUM_CONVERSION = YES;
				CLANG_WARN_INT_CONVERSION = YES;
				CLANG_WARN_OBJC_ROOT_CLASS = YES_ERROR;
				CLANG_WARN__DUPLICATE_METHOD_MATCH = YES;
				"CODE_SIGN_IDENTITY[sdk=iphoneos*]" = "iPhone Developer";
				COPY_PHASE_STRIP = YES;
				ENABLE_NS_ASSERTIONS = NO;
				GCC_C_LANGUAGE_STANDARD = gnu99;
				GCC_WARN_64_TO_32_BIT_CONVERSION = YES;
				GCC_WARN_ABOUT_RETURN_TYPE = YES_ERROR;
				GCC_WARN_UNDECLARED_SELECTOR = YES;
				GCC_WARN_UNINITIALIZED_AUTOS = YES_AGGRESSIVE;
				GCC_WARN_UNUSED_FUNCTION = YES;
				GCC_WARN_UNUSED_VARIABLE = YES;
				IPHONEOS_DEPLOYMENT_TARGET = 6.0;
				SDKROOT = iphoneos;
				VALIDATE_PRODUCT = YES;
			};
			name = Release;
		};
		AFB650E319F6C42400C73E81 /* Debug */ = {
			isa = XCBuildConfiguration;
			buildSettings = {
				ASSETCATALOG_COMPILER_APPICON_NAME = AppIcon;
				ASSETCATALOG_COMPILER_LAUNCHIMAGE_NAME = LaunchImage;
				CODE_SIGN_IDENTITY = "iPhone Developer";
				GCC_PRECOMPILE_PREFIX_HEADER = YES;
				GCC_PREFIX_HEADER = "moegirlwiki/moegirlwiki-Prefix.pch";
				INFOPLIST_FILE = "moegirlwiki/moegirlwiki-Info.plist";
				IPHONEOS_DEPLOYMENT_TARGET = 6.0;
				PRODUCT_NAME = "$(TARGET_NAME)";
				TARGETED_DEVICE_FAMILY = 1;
				WRAPPER_EXTENSION = app;
			};
			name = Debug;
		};
		AFB650E419F6C42400C73E81 /* Release */ = {
			isa = XCBuildConfiguration;
			buildSettings = {
				ASSETCATALOG_COMPILER_APPICON_NAME = AppIcon;
				ASSETCATALOG_COMPILER_LAUNCHIMAGE_NAME = LaunchImage;
				CODE_SIGN_IDENTITY = "iPhone Developer";
				GCC_PRECOMPILE_PREFIX_HEADER = YES;
				GCC_PREFIX_HEADER = "moegirlwiki/moegirlwiki-Prefix.pch";
				INFOPLIST_FILE = "moegirlwiki/moegirlwiki-Info.plist";
				IPHONEOS_DEPLOYMENT_TARGET = 6.0;
				PRODUCT_NAME = "$(TARGET_NAME)";
				TARGETED_DEVICE_FAMILY = 1;
				WRAPPER_EXTENSION = app;
			};
			name = Release;
		};
		AFB650E619F6C42400C73E81 /* Debug */ = {
			isa = XCBuildConfiguration;
			buildSettings = {
				BUNDLE_LOADER = "$(BUILT_PRODUCTS_DIR)/moegirlwiki.app/moegirlwiki";
				FRAMEWORK_SEARCH_PATHS = (
					"$(SDKROOT)/Developer/Library/Frameworks",
					"$(inherited)",
					"$(DEVELOPER_FRAMEWORKS_DIR)",
				);
				GCC_PRECOMPILE_PREFIX_HEADER = YES;
				GCC_PREFIX_HEADER = "moegirlwiki/moegirlwiki-Prefix.pch";
				GCC_PREPROCESSOR_DEFINITIONS = (
					"DEBUG=1",
					"$(inherited)",
				);
				INFOPLIST_FILE = "moegirlwikiTests/moegirlwikiTests-Info.plist";
				PRODUCT_NAME = "$(TARGET_NAME)";
				TEST_HOST = "$(BUNDLE_LOADER)";
				WRAPPER_EXTENSION = xctest;
			};
			name = Debug;
		};
		AFB650E719F6C42400C73E81 /* Release */ = {
			isa = XCBuildConfiguration;
			buildSettings = {
				BUNDLE_LOADER = "$(BUILT_PRODUCTS_DIR)/moegirlwiki.app/moegirlwiki";
				FRAMEWORK_SEARCH_PATHS = (
					"$(SDKROOT)/Developer/Library/Frameworks",
					"$(inherited)",
					"$(DEVELOPER_FRAMEWORKS_DIR)",
				);
				GCC_PRECOMPILE_PREFIX_HEADER = YES;
				GCC_PREFIX_HEADER = "moegirlwiki/moegirlwiki-Prefix.pch";
				INFOPLIST_FILE = "moegirlwikiTests/moegirlwikiTests-Info.plist";
				PRODUCT_NAME = "$(TARGET_NAME)";
				TEST_HOST = "$(BUNDLE_LOADER)";
				WRAPPER_EXTENSION = xctest;
			};
			name = Release;
		};
/* End XCBuildConfiguration section */

/* Begin XCConfigurationList section */
		AFB650AB19F6C42400C73E81 /* Build configuration list for PBXProject "moegirlwiki" */ = {
			isa = XCConfigurationList;
			buildConfigurations = (
				AFB650E019F6C42400C73E81 /* Debug */,
				AFB650E119F6C42400C73E81 /* Release */,
			);
			defaultConfigurationIsVisible = 0;
			defaultConfigurationName = Release;
		};
		AFB650E219F6C42400C73E81 /* Build configuration list for PBXNativeTarget "moegirlwiki" */ = {
			isa = XCConfigurationList;
			buildConfigurations = (
				AFB650E319F6C42400C73E81 /* Debug */,
				AFB650E419F6C42400C73E81 /* Release */,
			);
			defaultConfigurationIsVisible = 0;
			defaultConfigurationName = Release;
		};
		AFB650E519F6C42400C73E81 /* Build configuration list for PBXNativeTarget "moegirlwikiTests" */ = {
			isa = XCConfigurationList;
			buildConfigurations = (
				AFB650E619F6C42400C73E81 /* Debug */,
				AFB650E719F6C42400C73E81 /* Release */,
			);
			defaultConfigurationIsVisible = 0;
			defaultConfigurationName = Release;
		};
/* End XCConfigurationList section */
	};
	rootObject = AFB650A819F6C42400C73E81 /* Project object */;
}
